
Microsoft Visual Studio Solution File, Format Version 12.00
# Visual Studio 15
VisualStudioVersion = 15.0.27130.2027
MinimumVisualStudioVersion = 10.0.40219.1
Project("{FAE04EC0-301F-11D3-BF4B-00C04F79EFBC}") = "netCoreweb", "netCoreweb\netCoreweb.csproj", "{623EB612-DDAA-4B13-A5B1-C247433992C3}"
EndProject
Global
	GlobalSection(SolutionConfigurationPlatforms) = preSolution
		Debug|Any CPU = Debug|Any CPU
		Release|Any CPU = Release|Any CPU
	EndGlobalSection
	GlobalSection(ProjectConfigurationPlatforms) = postSolution
		{623EB612-DDAA-4B13-A5B1-C247433992C3}.Debug|Any CPU.ActiveCfg = Debug|Any CPU
		{623EB612-DDAA-4B13-A5B1-C247433992C3}.Debug|Any CPU.Build.0 = Debug|Any CPU
		{623EB612-DDAA-4B13-A5B1-C247433992C3}.Release|Any CPU.ActiveCfg = Release|Any CPU
		{623EB612-DDAA-4B13-A5B1-C247433992C3}.Release|Any CPU.Build.0 = Release|Any CPU
	EndGlobalSection
	GlobalSection(SolutionProperties) = preSolution
		HideSolutionNode = FALSE
	EndGlobalSection
	GlobalSection(ExtensibilityGlobals) = postSolution
		SolutionGuid = {B5DC4417-696C-480A-BC11-4693342B8CC6}
	EndGlobalSection
EndGlobal
